// !$*UTF8*$!
{
	archiveVersion = 1;
	classes = {
	};
	objectVersion = 56;
	objects = {

/* Begin PBXBuildFile section */
		1A000001 /* AppDelegate.swift in Sources */ = {isa = PBXBuildFile; fileRef = 1A000002 /* AppDelegate.swift */; };
/* End PBXBuildFile section */

/* Begin PBXFileReference section */
		1A000002 /* AppDelegate.swift */ = {isa = PBXFileReference; lastKnownFileType = sourcecode.swift; path = AppDelegate.swift; sourceTree = "<group>"; };
		1A000003 /* Info.plist */ = {isa = PBXFileReference; lastKnownFileType = text.plist.xml; path = Info.plist; sourceTree = "<group>"; };
		1A000004 /* LTZRPGPlayer.app */ = {isa = PBXFileReference; explicitFileType = wrapper.application; includeInIndex = 0; path = LTZRPGPlayer.app; sourceTree = BUILT_PRODUCTS_DIR; };
		1A000005 /* Assets.xcassets */ = {isa = PBXFileReference; lastKnownFileType = folder.assetcatalog; path = Assets.xcassets; sourceTree = "<group>"; };
/* End PBXFileReference section */

/* Begin PBXFrameworksBuildPhase section */
		1A000006 /* Frameworks */ = {
			isa = PBXFrameworksBuildPhase;
			buildActionMask = 2147483647;
			files = (
			);
			runOnlyForDeploymentPostprocessing = 0;
		};
/* End PBXFrameworksBuildPhase section */

/* Begin PBXGroup section */
		1A000007 /* LTZRPGPlayer */ = {
			isa = PBXGroup;
			children = (
				1A000002 /* AppDelegate.swift */,
				1A000003 /* Info.plist */,
				1A000005 /* Assets.xcassets */,
			);
			path = LTZRPGPlayer;
			sourceTree = "<group>";
		};
		1A000008 /* Assets.xcassets */ = {
			isa = PBXGroup;
			children = (
				1A000009 /* AppIcon.appiconset */,
			);
			path = Assets.xcassets;
			sourceTree = "<group>";
		};
		1A000009 /* AppIcon.appiconset */ = {
			isa = PBXGroup;
			children = (
			);
			name = AppIcon.appiconset;
			sourceTree = "<group>";
		};
		1A00000A /* Products */ = {
			isa = PBXGroup;
			children = (
				1A000004 /* LTZRPGPlayer.app */,
			);
			name = Products;
			sourceTree = "<group>";
		};
		1A00000B /* Root */ = {
			isa = PBXGroup;
			children = (
				1A000007 /* LTZRPGPlayer */,
				1A00000A /* Products */,
			);
			sourceTree = "<group>";
		};
/* End PBXGroup section */

/* Begin PBXNativeTarget section */
		1A00000C /* LTZRPGPlayer */ = {
			isa = PBXNativeTarget;
			buildConfigurationList = 1A00000D /* Build configuration list for PBXNativeTarget "LTZRPGPlayer" */;
			buildPhases = (
				1A00000E /* Sources */,
				1A000006 /* Frameworks */,
				1A00000F /* Resources */,
			);
			buildRules = (
			);
			dependencies = (
			);
			name = LTZRPGPlayer;
			productName = LTZRPGPlayer;
			productReference = 1A000004 /* LTZRPGPlayer.app */;
			productType = "com.apple.product-type.application";
		};
/* End PBXNativeTarget section */

/* Begin PBXProject section */
		1A000010 /* Project object */ = {
			isa = PBXProject;
			attributes = {
				BuildIndependentTargetsInParallel = 1;
				LastSwiftUpdateCheck = 1540;
				LastUpgradeCheck = 1540;
			};
			buildConfigurationList = 1A000011 /* Build configuration list for PBXProject "LTZRPGPlayer" */;
			compatibilityVersion = "Xcode 14.0";
			developmentRegion = en;
			hasScannedForEncodings = 0;
			knownRegions = (
				en,
				Base,
			);
			mainGroup = 1A00000B;
			productRefGroup = 1A00000A /* Products */;
			projectDirPath = "";
			projectRoot = "";
			targets = (
				1A00000C /* LTZRPGPlayer */,
			);
		};
/* End PBXProject section */

/* Begin PBXResourcesBuildPhase section */
		1A00000F /* Resources */ = {
			isa = PBXResourcesBuildPhase;
			buildActionMask = 2147483647;
			files = (
			);
			runOnlyForDeploymentPostprocessing = 0;
		};
/* End PBXResourcesBuildPhase section */

/* Begin PBXSourcesBuildPhase section */
		1A00000E /* Sources */ = {
			isa = PBXSourcesBuildPhase;
			buildActionMask = 2147483647;
			files = (
				1A000001 /* AppDelegate.swift in Sources */,
			);
			runOnlyForDeploymentPostprocessing = 0;
		};
/* End PBXSourcesBuildPhase section */

/* Begin XCBuildConfiguration section */
		1A000012 /* Debug */ = {
			isa = XCBuildConfiguration;
			buildSettings = {
				ALWAYS_SEARCH_USER_PATHS = NO;
				CLANG_ENABLE_MODULES = YES;
				CLANG_ENABLE_OBJC_ARC = YES;
				COPY_PHASE_STRIP = NO;
				DEBUG_INFORMATION_FORMAT = dwarf;
				ENABLE_STRICT_OBJC_MSGSEND = YES;
				ENABLE_TESTABILITY = YES;
				GCC_DYNAMIC_NO_PIC = NO;
				GCC_OPTIMIZATION_LEVEL = 0;
				GCC_PREPROCESSOR_DEFINITIONS = (
					"DEBUG=1",
					"$(inherited)",
				);
				GCC_WARN_ABOUT_RETURN_TYPE = YES;
				GCC_WARN_UNUSED_VARIABLE = YES;
				IPHONEOS_DEPLOYMENT_TARGET = 16.0;
				MTL_ENABLE_DEBUG_INFO = INCLUDE_SOURCE;
				ONLY_ACTIVE_ARCH = YES;
				SDKROOT = iphoneos;
				SWIFT_ACTIVE_COMPILATION_CONDITIONS = "DEBUG $(inherited)";
				SWIFT_OPTIMIZATION_LEVEL = "-Onone";
			};
			name = Debug;
		};
		1A000013 /* Release */ = {
			isa = XCBuildConfiguration;
			buildSettings = {
				ALWAYS_SEARCH_USER_PATHS = NO;
				CLANG_ENABLE_MODULES = YES;
				CLANG_ENABLE_OBJC_ARC = YES;
				COPY_PHASE_STRIP = NO;
				DEBUG_INFORMATION_FORMAT = "dwarf-with-dsym";
				ENABLE_NS_ASSERTIONS = NO;
				ENABLE_STRICT_OBJC_MSGSEND = YES;
				GCC_OPTIMIZATION_LEVEL = s;
				GCC_PREPROCESSOR_DEFINITIONS = (
					"$(inherited)",
				);
				GCC_WARN_ABOUT_RETURN_TYPE = YES;
				GCC_WARN_UNUSED_VARIABLE = YES;
				IPHONEOS_DEPLOYMENT_TARGET = 16.0;
				SDKROOT = iphoneos;
				SWIFT_COMPILATION_MODE = wholemodule;
				SWIFT_OPTIMIZATION_LEVEL = "-O";
				VALIDATE_PRODUCT = YES;
			};
			name = Release;
		};
		1A000014 /* Debug */ = {
			isa = XCBuildConfiguration;
			buildSettings = {
				ASSETCATALOG_COMPILER_APPICON_NAME = AppIcon;
				CODE_SIGN_STYLE = Automatic;
				CURRENT_PROJECT_VERSION = 1;
				DEVELOPMENT_TEAM = "";
				GENERATE_INFOPLIST_FILE = NO;
				INFOPLIST_FILE = LTZRPGPlayer/Info.plist;
				LD_RUNPATH_SEARCH_PATHS = (
					"$(inherited)",
					"@executable_path/Frameworks",
				);
				MARKETING_VERSION = 1.0.0;
				PRODUCT_BUNDLE_IDENTIFIER = com.ltz.rpgplayer;
				PRODUCT_NAME = "$(TARGET_NAME)";
				SKIP_INSTALL = YES;
				SWIFT_VERSION = 5.0;
				TARGETED_DEVICE_FAMILY = "1,2";
			};
			name = Debug;
		};
		1A000015 /* Release */ = {
			isa = XCBuildConfiguration;
			buildSettings = {
				ASSETCATALOG_COMPILER_APPICON_NAME = AppIcon;
				CODE_SIGN_STYLE = Automatic;
				CURRENT_PROJECT_VERSION = 1;
				DEVELOPMENT_TEAM = "";
				GENERATE_INFOPLIST_FILE = NO;
				INFOPLIST_FILE = LTZRPGPlayer/Info.plist;
				LD_RUNPATH_SEARCH_PATHS = (
					"$(inherited)",
					"@executable_path/Frameworks",
				);
				MARKETING_VERSION = 1.0.0;
				PRODUCT_BUNDLE_IDENTIFIER = com.ltz.rpgplayer;
				PRODUCT_NAME = "$(TARGET_NAME)";
				SKIP_INSTALL = YES;
				SWIFT_VERSION = 5.0;
				TARGETED_DEVICE_FAMILY = "1,2";
			};
			name = Release;
		};
/* End XCBuildConfiguration section */

/* Begin XCConfigurationList section */
		1A00000D /* Build configuration list for PBXNativeTarget "LTZRPGPlayer" */ = {
			isa = XCConfigurationList;
			buildConfigurations = (
				1A000014 /* Debug */,
				1A000015 /* Release */,
			);
			defaultConfigurationIsVisible = 0;
			defaultConfigurationName = Release;
		};
		1A000011 /* Build configuration list for PBXProject "LTZRPGPlayer" */ = {
			isa = XCConfigurationList;
			buildConfigurations = (
				1A000012 /* Debug */,
				1A000013 /* Release */,
			);
			defaultConfigurationIsVisible = 0;
			defaultConfigurationName = Release;
		};
/* End XCConfigurationList section */

	};
	rootObject = 1A000010 /* Project object */;
}